
Microsoft Visual Studio Solution File, Format Version 12.00
# Visual Studio Version 16
VisualStudioVersion = 16.0.30413.136
MinimumVisualStudioVersion = 10.0.40219.1
Project("{FAE04EC0-301F-11D3-BF4B-00C04F79EFBC}") = "BackBeerProject", "BackBeerProject\BackBeerProject.csproj", "{9A1ED961-31E7-4BBF-93EB-1BDEDF14EA1D}"
EndProject
Project("{FAE04EC0-301F-11D3-BF4B-00C04F79EFBC}") = "DataAccessLayer", "DataAccessLayer\DataAccessLayer.csproj", "{D28A3377-E363-4364-A832-F58C3CDDF616}"
EndProject
Global
	GlobalSection(SolutionConfigurationPlatforms) = preSolution
		Debug|Any CPU = Debug|Any CPU
		Release|Any CPU = Release|Any CPU
	EndGlobalSection
	GlobalSection(ProjectConfigurationPlatforms) = postSolution
		{9A1ED961-31E7-4BBF-93EB-1BDEDF14EA1D}.Debug|Any CPU.ActiveCfg = Debug|Any CPU
		{9A1ED961-31E7-4BBF-93EB-1BDEDF14EA1D}.Debug|Any CPU.Build.0 = Debug|Any CPU
		{9A1ED961-31E7-4BBF-93EB-1BDEDF14EA1D}.Release|Any CPU.ActiveCfg = Release|Any CPU
		{9A1ED961-31E7-4BBF-93EB-1BDEDF14EA1D}.Release|Any CPU.Build.0 = Release|Any CPU
		{D28A3377-E363-4364-A832-F58C3CDDF616}.Debug|Any CPU.ActiveCfg = Debug|Any CPU
		{D28A3377-E363-4364-A832-F58C3CDDF616}.Debug|Any CPU.Build.0 = Debug|Any CPU
		{D28A3377-E363-4364-A832-F58C3CDDF616}.Release|Any CPU.ActiveCfg = Release|Any CPU
		{D28A3377-E363-4364-A832-F58C3CDDF616}.Release|Any CPU.Build.0 = Release|Any CPU
	EndGlobalSection
	GlobalSection(SolutionProperties) = preSolution
		HideSolutionNode = FALSE
	EndGlobalSection
	GlobalSection(ExtensibilityGlobals) = postSolution
		SolutionGuid = {C483E449-69BB-4639-8380-91D61F3D9079}
	EndGlobalSection
EndGlobal
